
Microsoft Visual Studio Solution File, Format Version 12.00
<<<<<<< HEAD
Project("{FAE04EC0-301F-11D3-BF4B-00C04F79EFBC}") = "DoorPass", "DoorPass\DoorPass.csproj", "{690A8B3E-F9A8-4905-8D3A-574E65F73775}"
=======
Project("{FAE04EC0-301F-11D3-BF4B-00C04F79EFBC}") = "DoorPass", "DoorPass\DoorPass.csproj", "{FAFD1A00-F6ED-41CC-A31F-57C7949122F7}"
>>>>>>> 45228dae2025805bf85bb00c4febb47227f0794e
EndProject
Global
	GlobalSection(SolutionConfigurationPlatforms) = preSolution
		Debug|Any CPU = Debug|Any CPU
		Release|Any CPU = Release|Any CPU
	EndGlobalSection
	GlobalSection(ProjectConfigurationPlatforms) = postSolution
<<<<<<< HEAD
		{690A8B3E-F9A8-4905-8D3A-574E65F73775}.Debug|Any CPU.ActiveCfg = Debug|Any CPU
		{690A8B3E-F9A8-4905-8D3A-574E65F73775}.Debug|Any CPU.Build.0 = Debug|Any CPU
		{690A8B3E-F9A8-4905-8D3A-574E65F73775}.Release|Any CPU.ActiveCfg = Release|Any CPU
		{690A8B3E-F9A8-4905-8D3A-574E65F73775}.Release|Any CPU.Build.0 = Release|Any CPU
=======
		{FAFD1A00-F6ED-41CC-A31F-57C7949122F7}.Debug|Any CPU.ActiveCfg = Debug|Any CPU
		{FAFD1A00-F6ED-41CC-A31F-57C7949122F7}.Debug|Any CPU.Build.0 = Debug|Any CPU
		{FAFD1A00-F6ED-41CC-A31F-57C7949122F7}.Release|Any CPU.ActiveCfg = Release|Any CPU
		{FAFD1A00-F6ED-41CC-A31F-57C7949122F7}.Release|Any CPU.Build.0 = Release|Any CPU
>>>>>>> 45228dae2025805bf85bb00c4febb47227f0794e
	EndGlobalSection
EndGlobal
